
Microsoft Visual Studio Solution File, Format Version 12.00
# Visual Studio Version 16
VisualStudioVersion = 16.0.30413.136
MinimumVisualStudioVersion = 10.0.40219.1
Project("{FAE04EC0-301F-11D3-BF4B-00C04F79EFBC}") = "ConfigurationBasics", "ConfigurationBasics\ConfigurationBasics.csproj", "{ED3808FD-ADC7-476D-B6FF-0CCC364CAF70}"
EndProject
Global
	GlobalSection(SolutionConfigurationPlatforms) = preSolution
		Debug|Any CPU = Debug|Any CPU
		Release|Any CPU = Release|Any CPU
	EndGlobalSection
	GlobalSection(ProjectConfigurationPlatforms) = postSolution
		{ED3808FD-ADC7-476D-B6FF-0CCC364CAF70}.Debug|Any CPU.ActiveCfg = Debug|Any CPU
		{ED3808FD-ADC7-476D-B6FF-0CCC364CAF70}.Debug|Any CPU.Build.0 = Debug|Any CPU
		{ED3808FD-ADC7-476D-B6FF-0CCC364CAF70}.Release|Any CPU.ActiveCfg = Release|Any CPU
		{ED3808FD-ADC7-476D-B6FF-0CCC364CAF70}.Release|Any CPU.Build.0 = Release|Any CPU
	EndGlobalSection
	GlobalSection(SolutionProperties) = preSolution
		HideSolutionNode = FALSE
	EndGlobalSection
	GlobalSection(ExtensibilityGlobals) = postSolution
		SolutionGuid = {35450F0E-0869-4DED-8638-8680DE72BB33}
	EndGlobalSection
EndGlobal
