
Microsoft Visual Studio Solution File, Format Version 12.00
# Visual Studio Version 16
VisualStudioVersion = 16.0.29827.131
MinimumVisualStudioVersion = 10.0.40219.1
Project("{FAE04EC0-301F-11D3-BF4B-00C04F79EFBC}") = "GlobomanticsProductCatalog", "GlobomanticsProductCatalog\GlobomanticsProductCatalog.csproj", "{5A52A026-7351-4016-84F9-9A78F3FA4B3E}"
EndProject
Global
	GlobalSection(SolutionConfigurationPlatforms) = preSolution
		Debug|Any CPU = Debug|Any CPU
		Release|Any CPU = Release|Any CPU
	EndGlobalSection
	GlobalSection(ProjectConfigurationPlatforms) = postSolution
		{5A52A026-7351-4016-84F9-9A78F3FA4B3E}.Debug|Any CPU.ActiveCfg = Debug|Any CPU
		{5A52A026-7351-4016-84F9-9A78F3FA4B3E}.Debug|Any CPU.Build.0 = Debug|Any CPU
		{5A52A026-7351-4016-84F9-9A78F3FA4B3E}.Release|Any CPU.ActiveCfg = Release|Any CPU
		{5A52A026-7351-4016-84F9-9A78F3FA4B3E}.Release|Any CPU.Build.0 = Release|Any CPU
	EndGlobalSection
	GlobalSection(SolutionProperties) = preSolution
		HideSolutionNode = FALSE
	EndGlobalSection
	GlobalSection(ExtensibilityGlobals) = postSolution
		SolutionGuid = {2F38C553-2F63-4C39-88CC-594170BD98AF}
	EndGlobalSection
EndGlobal
